
Microsoft Visual Studio Solution File, Format Version 12.00
# Visual Studio Version 16
VisualStudioVersion = 16.0.29009.5
MinimumVisualStudioVersion = 10.0.40219.1
Project("{FAE04EC0-301F-11D3-BF4B-00C04F79EFBC}") = "AuthService.API", "AuthService.API\AuthService.API.csproj", "{93049FBF-B1D0-471B-A38D-4B83C01948A6}"
EndProject
Project("{FAE04EC0-301F-11D3-BF4B-00C04F79EFBC}") = "AuthService.DATA", "AuthService.DATA\AuthService.DATA.csproj", "{51A3AE46-8F79-4519-816A-A3BC1E8F6BE6}"
EndProject
Project("{FAE04EC0-301F-11D3-BF4B-00C04F79EFBC}") = "AuthService.CORE", "AuthService.CORE\AuthService.CORE.csproj", "{2AAEC5CC-718E-40AF-9F4C-CD1B5965FC0A}"
EndProject
Global
	GlobalSection(SolutionConfigurationPlatforms) = preSolution
		Debug|Any CPU = Debug|Any CPU
		Release|Any CPU = Release|Any CPU
	EndGlobalSection
	GlobalSection(ProjectConfigurationPlatforms) = postSolution
		{93049FBF-B1D0-471B-A38D-4B83C01948A6}.Debug|Any CPU.ActiveCfg = Debug|Any CPU
		{93049FBF-B1D0-471B-A38D-4B83C01948A6}.Debug|Any CPU.Build.0 = Debug|Any CPU
		{93049FBF-B1D0-471B-A38D-4B83C01948A6}.Release|Any CPU.ActiveCfg = Release|Any CPU
		{93049FBF-B1D0-471B-A38D-4B83C01948A6}.Release|Any CPU.Build.0 = Release|Any CPU
		{51A3AE46-8F79-4519-816A-A3BC1E8F6BE6}.Debug|Any CPU.ActiveCfg = Debug|Any CPU
		{51A3AE46-8F79-4519-816A-A3BC1E8F6BE6}.Debug|Any CPU.Build.0 = Debug|Any CPU
		{51A3AE46-8F79-4519-816A-A3BC1E8F6BE6}.Release|Any CPU.ActiveCfg = Release|Any CPU
		{51A3AE46-8F79-4519-816A-A3BC1E8F6BE6}.Release|Any CPU.Build.0 = Release|Any CPU
		{2AAEC5CC-718E-40AF-9F4C-CD1B5965FC0A}.Debug|Any CPU.ActiveCfg = Debug|Any CPU
		{2AAEC5CC-718E-40AF-9F4C-CD1B5965FC0A}.Debug|Any CPU.Build.0 = Debug|Any CPU
		{2AAEC5CC-718E-40AF-9F4C-CD1B5965FC0A}.Release|Any CPU.ActiveCfg = Release|Any CPU
		{2AAEC5CC-718E-40AF-9F4C-CD1B5965FC0A}.Release|Any CPU.Build.0 = Release|Any CPU
	EndGlobalSection
	GlobalSection(SolutionProperties) = preSolution
		HideSolutionNode = FALSE
	EndGlobalSection
	GlobalSection(ExtensibilityGlobals) = postSolution
		SolutionGuid = {8525CAE4-64C7-4904-9411-F4023579A6BF}
	EndGlobalSection
EndGlobal
